// !$*UTF8*$!
{
	archiveVersion = 1;
	classes = {
	};
	objectVersion = 50;
	objects = {

/* Begin PBXBuildFile section */
		225EA575215D04F10015DE15 /* main.m in Sources */ = {isa = PBXBuildFile; fileRef = 225EA574215D04F10015DE15 /* main.m */; };
		225EA57E215D05360015DE15 /* Router.m in Sources */ = {isa = PBXBuildFile; fileRef = 225EA57D215D05360015DE15 /* Router.m */; };
		225EA581215D1B7C0015DE15 /* User.m in Sources */ = {isa = PBXBuildFile; fileRef = 225EA580215D1B7C0015DE15 /* User.m */; };
		225EA584215D1C820015DE15 /* Interface_user.m in Sources */ = {isa = PBXBuildFile; fileRef = 225EA583215D1C820015DE15 /* Interface_user.m */; };
		E247954321B1134400E95106 /* Target_A.m in Sources */ = {isa = PBXBuildFile; fileRef = E247954221B1134400E95106 /* Target_A.m */; };
		E2AFE6862193E80D00F5AF17 /* HTTPConnector.m in Sources */ = {isa = PBXBuildFile; fileRef = E2AFE6852193E80D00F5AF17 /* HTTPConnector.m */; };
		E2AFE68A21940E1D00F5AF17 /* NativeConnector.m in Sources */ = {isa = PBXBuildFile; fileRef = E2AFE68921940E1D00F5AF17 /* NativeConnector.m */; };
		E2AFE68D2194176B00F5AF17 /* WebController.m in Sources */ = {isa = PBXBuildFile; fileRef = E2AFE68C2194176B00F5AF17 /* WebController.m */; };
		E2AFE69021941EEA00F5AF17 /* TestConnector.m in Sources */ = {isa = PBXBuildFile; fileRef = E2AFE68F21941EEA00F5AF17 /* TestConnector.m */; };
/* End PBXBuildFile section */

/* Begin PBXCopyFilesBuildPhase section */
		225EA56F215D04F10015DE15 /* CopyFiles */ = {
			isa = PBXCopyFilesBuildPhase;
			buildActionMask = 2147483647;
			dstPath = /usr/share/man/man1/;
			dstSubfolderSpec = 0;
			files = (
			);
			runOnlyForDeploymentPostprocessing = 1;
		};
/* End PBXCopyFilesBuildPhase section */

/* Begin PBXFileReference section */
		225EA571215D04F10015DE15 /* Router */ = {isa = PBXFileReference; explicitFileType = "compiled.mach-o.executable"; includeInIndex = 0; path = Router; sourceTree = BUILT_PRODUCTS_DIR; };
		225EA574215D04F10015DE15 /* main.m */ = {isa = PBXFileReference; lastKnownFileType = sourcecode.c.objc; path = main.m; sourceTree = "<group>"; };
		225EA57C215D05360015DE15 /* Router.h */ = {isa = PBXFileReference; lastKnownFileType = sourcecode.c.h; path = Router.h; sourceTree = "<group>"; };
		225EA57D215D05360015DE15 /* Router.m */ = {isa = PBXFileReference; lastKnownFileType = sourcecode.c.objc; path = Router.m; sourceTree = "<group>"; };
		225EA57F215D1B7C0015DE15 /* User.h */ = {isa = PBXFileReference; lastKnownFileType = sourcecode.c.h; path = User.h; sourceTree = "<group>"; };
		225EA580215D1B7C0015DE15 /* User.m */ = {isa = PBXFileReference; lastKnownFileType = sourcecode.c.objc; path = User.m; sourceTree = "<group>"; };
		225EA582215D1C820015DE15 /* Interface_user.h */ = {isa = PBXFileReference; lastKnownFileType = sourcecode.c.h; path = Interface_user.h; sourceTree = "<group>"; };
		225EA583215D1C820015DE15 /* Interface_user.m */ = {isa = PBXFileReference; lastKnownFileType = sourcecode.c.objc; path = Interface_user.m; sourceTree = "<group>"; };
		E247954121B1134400E95106 /* Target_A.h */ = {isa = PBXFileReference; lastKnownFileType = sourcecode.c.h; path = Target_A.h; sourceTree = "<group>"; };
		E247954221B1134400E95106 /* Target_A.m */ = {isa = PBXFileReference; lastKnownFileType = sourcecode.c.objc; path = Target_A.m; sourceTree = "<group>"; };
		E2AFE6842193E80D00F5AF17 /* HTTPConnector.h */ = {isa = PBXFileReference; lastKnownFileType = sourcecode.c.h; path = HTTPConnector.h; sourceTree = "<group>"; };
		E2AFE6852193E80D00F5AF17 /* HTTPConnector.m */ = {isa = PBXFileReference; lastKnownFileType = sourcecode.c.objc; path = HTTPConnector.m; sourceTree = "<group>"; };
		E2AFE6872193E83900F5AF17 /* URLConnector.h */ = {isa = PBXFileReference; lastKnownFileType = sourcecode.c.h; path = URLConnector.h; sourceTree = "<group>"; };
		E2AFE68821940E1D00F5AF17 /* NativeConnector.h */ = {isa = PBXFileReference; lastKnownFileType = sourcecode.c.h; path = NativeConnector.h; sourceTree = "<group>"; };
		E2AFE68921940E1D00F5AF17 /* NativeConnector.m */ = {isa = PBXFileReference; lastKnownFileType = sourcecode.c.objc; path = NativeConnector.m; sourceTree = "<group>"; };
		E2AFE68B2194176B00F5AF17 /* WebController.h */ = {isa = PBXFileReference; lastKnownFileType = sourcecode.c.h; path = WebController.h; sourceTree = "<group>"; };
		E2AFE68C2194176B00F5AF17 /* WebController.m */ = {isa = PBXFileReference; lastKnownFileType = sourcecode.c.objc; path = WebController.m; sourceTree = "<group>"; };
		E2AFE68E21941EEA00F5AF17 /* TestConnector.h */ = {isa = PBXFileReference; lastKnownFileType = sourcecode.c.h; path = TestConnector.h; sourceTree = "<group>"; };
		E2AFE68F21941EEA00F5AF17 /* TestConnector.m */ = {isa = PBXFileReference; lastKnownFileType = sourcecode.c.objc; path = TestConnector.m; sourceTree = "<group>"; };
/* End PBXFileReference section */

/* Begin PBXFrameworksBuildPhase section */
		225EA56E215D04F10015DE15 /* Frameworks */ = {
			isa = PBXFrameworksBuildPhase;
			buildActionMask = 2147483647;
			files = (
			);
			runOnlyForDeploymentPostprocessing = 0;
		};
/* End PBXFrameworksBuildPhase section */

/* Begin PBXGroup section */
		225EA568215D04F10015DE15 = {
			isa = PBXGroup;
			children = (
				225EA573215D04F10015DE15 /* Router */,
				225EA572215D04F10015DE15 /* Products */,
			);
			sourceTree = "<group>";
		};
		225EA572215D04F10015DE15 /* Products */ = {
			isa = PBXGroup;
			children = (
				225EA571215D04F10015DE15 /* Router */,
			);
			name = Products;
			sourceTree = "<group>";
		};
		225EA573215D04F10015DE15 /* Router */ = {
			isa = PBXGroup;
			children = (
				225EA57B215D05260015DE15 /* Router */,
				225EA574215D04F10015DE15 /* main.m */,
				225EA57F215D1B7C0015DE15 /* User.h */,
				225EA580215D1B7C0015DE15 /* User.m */,
				225EA582215D1C820015DE15 /* Interface_user.h */,
				225EA583215D1C820015DE15 /* Interface_user.m */,
				E247954121B1134400E95106 /* Target_A.h */,
				E247954221B1134400E95106 /* Target_A.m */,
				E2AFE68B2194176B00F5AF17 /* WebController.h */,
				E2AFE68C2194176B00F5AF17 /* WebController.m */,
				E2AFE68E21941EEA00F5AF17 /* TestConnector.h */,
				E2AFE68F21941EEA00F5AF17 /* TestConnector.m */,
			);
			path = Router;
			sourceTree = "<group>";
		};
		225EA57B215D05260015DE15 /* Router */ = {
			isa = PBXGroup;
			children = (
				225EA57C215D05360015DE15 /* Router.h */,
				225EA57D215D05360015DE15 /* Router.m */,
				E2AFE6872193E83900F5AF17 /* URLConnector.h */,
				E2AFE6842193E80D00F5AF17 /* HTTPConnector.h */,
				E2AFE6852193E80D00F5AF17 /* HTTPConnector.m */,
				E2AFE68821940E1D00F5AF17 /* NativeConnector.h */,
				E2AFE68921940E1D00F5AF17 /* NativeConnector.m */,
			);
			path = Router;
			sourceTree = "<group>";
		};
/* End PBXGroup section */

/* Begin PBXNativeTarget section */
		225EA570215D04F10015DE15 /* Router */ = {
			isa = PBXNativeTarget;
			buildConfigurationList = 225EA578215D04F10015DE15 /* Build configuration list for PBXNativeTarget "Router" */;
			buildPhases = (
				225EA56D215D04F10015DE15 /* Sources */,
				225EA56E215D04F10015DE15 /* Frameworks */,
				225EA56F215D04F10015DE15 /* CopyFiles */,
			);
			buildRules = (
			);
			dependencies = (
			);
			name = Router;
			productName = Router;
			productReference = 225EA571215D04F10015DE15 /* Router */;
			productType = "com.apple.product-type.tool";
		};
/* End PBXNativeTarget section */

/* Begin PBXProject section */
		225EA569215D04F10015DE15 /* Project object */ = {
			isa = PBXProject;
			attributes = {
				LastUpgradeCheck = 1000;
				ORGANIZATIONNAME = "李立";
				TargetAttributes = {
					225EA570215D04F10015DE15 = {
						CreatedOnToolsVersion = 10.0;
					};
				};
			};
			buildConfigurationList = 225EA56C215D04F10015DE15 /* Build configuration list for PBXProject "Router" */;
			compatibilityVersion = "Xcode 9.3";
			developmentRegion = en;
			hasScannedForEncodings = 0;
			knownRegions = (
				en,
			);
			mainGroup = 225EA568215D04F10015DE15;
			productRefGroup = 225EA572215D04F10015DE15 /* Products */;
			projectDirPath = "";
			projectRoot = "";
			targets = (
				225EA570215D04F10015DE15 /* Router */,
			);
		};
/* End PBXProject section */

/* Begin PBXSourcesBuildPhase section */
		225EA56D215D04F10015DE15 /* Sources */ = {
			isa = PBXSourcesBuildPhase;
			buildActionMask = 2147483647;
			files = (
				225EA57E215D05360015DE15 /* Router.m in Sources */,
				225EA575215D04F10015DE15 /* main.m in Sources */,
				E2AFE68A21940E1D00F5AF17 /* NativeConnector.m in Sources */,
				E2AFE68D2194176B00F5AF17 /* WebController.m in Sources */,
				E247954321B1134400E95106 /* Target_A.m in Sources */,
				225EA584215D1C820015DE15 /* Interface_user.m in Sources */,
				E2AFE69021941EEA00F5AF17 /* TestConnector.m in Sources */,
				225EA581215D1B7C0015DE15 /* User.m in Sources */,
				E2AFE6862193E80D00F5AF17 /* HTTPConnector.m in Sources */,
			);
			runOnlyForDeploymentPostprocessing = 0;
		};
/* End PBXSourcesBuildPhase section */

/* Begin XCBuildConfiguration section */
		225EA576215D04F10015DE15 /* Debug */ = {
			isa = XCBuildConfiguration;
			buildSettings = {
				ALWAYS_SEARCH_USER_PATHS = NO;
				CLANG_ANALYZER_NONNULL = YES;
				CLANG_ANALYZER_NUMBER_OBJECT_CONVERSION = YES_AGGRESSIVE;
				CLANG_CXX_LANGUAGE_STANDARD = "gnu++14";
				CLANG_CXX_LIBRARY = "libc++";
				CLANG_ENABLE_MODULES = YES;
				CLANG_ENABLE_OBJC_ARC = YES;
				CLANG_ENABLE_OBJC_WEAK = YES;
				CLANG_WARN_BLOCK_CAPTURE_AUTORELEASING = YES;
				CLANG_WARN_BOOL_CONVERSION = YES;
				CLANG_WARN_COMMA = YES;
				CLANG_WARN_CONSTANT_CONVERSION = YES;
				CLANG_WARN_DEPRECATED_OBJC_IMPLEMENTATIONS = YES;
				CLANG_WARN_DIRECT_OBJC_ISA_USAGE = YES_ERROR;
				CLANG_WARN_DOCUMENTATION_COMMENTS = YES;
				CLANG_WARN_EMPTY_BODY = YES;
				CLANG_WARN_ENUM_CONVERSION = YES;
				CLANG_WARN_INFINITE_RECURSION = YES;
				CLANG_WARN_INT_CONVERSION = YES;
				CLANG_WARN_NON_LITERAL_NULL_CONVERSION = YES;
				CLANG_WARN_OBJC_IMPLICIT_RETAIN_SELF = YES;
				CLANG_WARN_OBJC_LITERAL_CONVERSION = YES;
				CLANG_WARN_OBJC_ROOT_CLASS = YES_ERROR;
				CLANG_WARN_RANGE_LOOP_ANALYSIS = YES;
				CLANG_WARN_STRICT_PROTOTYPES = YES;
				CLANG_WARN_SUSPICIOUS_MOVE = YES;
				CLANG_WARN_UNGUARDED_AVAILABILITY = YES_AGGRESSIVE;
				CLANG_WARN_UNREACHABLE_CODE = YES;
				CLANG_WARN__DUPLICATE_METHOD_MATCH = YES;
				CODE_SIGN_IDENTITY = "Mac Developer";
				COPY_PHASE_STRIP = NO;
				DEBUG_INFORMATION_FORMAT = dwarf;
				ENABLE_STRICT_OBJC_MSGSEND = YES;
				ENABLE_TESTABILITY = YES;
				GCC_C_LANGUAGE_STANDARD = gnu11;
				GCC_DYNAMIC_NO_PIC = NO;
				GCC_NO_COMMON_BLOCKS = YES;
				GCC_OPTIMIZATION_LEVEL = 0;
				GCC_PREPROCESSOR_DEFINITIONS = (
					"DEBUG=1",
					"$(inherited)",
				);
				GCC_WARN_64_TO_32_BIT_CONVERSION = YES;
				GCC_WARN_ABOUT_RETURN_TYPE = YES_ERROR;
				GCC_WARN_UNDECLARED_SELECTOR = YES;
				GCC_WARN_UNINITIALIZED_AUTOS = YES_AGGRESSIVE;
				GCC_WARN_UNUSED_FUNCTION = YES;
				GCC_WARN_UNUSED_VARIABLE = YES;
				MACOSX_DEPLOYMENT_TARGET = 10.14;
				MTL_ENABLE_DEBUG_INFO = INCLUDE_SOURCE;
				MTL_FAST_MATH = YES;
				ONLY_ACTIVE_ARCH = YES;
				SDKROOT = macosx;
			};
			name = Debug;
		};
		225EA577215D04F10015DE15 /* Release */ = {
			isa = XCBuildConfiguration;
			buildSettings = {
				ALWAYS_SEARCH_USER_PATHS = NO;
				CLANG_ANALYZER_NONNULL = YES;
				CLANG_ANALYZER_NUMBER_OBJECT_CONVERSION = YES_AGGRESSIVE;
				CLANG_CXX_LANGUAGE_STANDARD = "gnu++14";
				CLANG_CXX_LIBRARY = "libc++";
				CLANG_ENABLE_MODULES = YES;
				CLANG_ENABLE_OBJC_ARC = YES;
				CLANG_ENABLE_OBJC_WEAK = YES;
				CLANG_WARN_BLOCK_CAPTURE_AUTORELEASING = YES;
				CLANG_WARN_BOOL_CONVERSION = YES;
				CLANG_WARN_COMMA = YES;
				CLANG_WARN_CONSTANT_CONVERSION = YES;
				CLANG_WARN_DEPRECATED_OBJC_IMPLEMENTATIONS = YES;
				CLANG_WARN_DIRECT_OBJC_ISA_USAGE = YES_ERROR;
				CLANG_WARN_DOCUMENTATION_COMMENTS = YES;
				CLANG_WARN_EMPTY_BODY = YES;
				CLANG_WARN_ENUM_CONVERSION = YES;
				CLANG_WARN_INFINITE_RECURSION = YES;
				CLANG_WARN_INT_CONVERSION = YES;
				CLANG_WARN_NON_LITERAL_NULL_CONVERSION = YES;
				CLANG_WARN_OBJC_IMPLICIT_RETAIN_SELF = YES;
				CLANG_WARN_OBJC_LITERAL_CONVERSION = YES;
				CLANG_WARN_OBJC_ROOT_CLASS = YES_ERROR;
				CLANG_WARN_RANGE_LOOP_ANALYSIS = YES;
				CLANG_WARN_STRICT_PROTOTYPES = YES;
				CLANG_WARN_SUSPICIOUS_MOVE = YES;
				CLANG_WARN_UNGUARDED_AVAILABILITY = YES_AGGRESSIVE;
				CLANG_WARN_UNREACHABLE_CODE = YES;
				CLANG_WARN__DUPLICATE_METHOD_MATCH = YES;
				CODE_SIGN_IDENTITY = "Mac Developer";
				COPY_PHASE_STRIP = NO;
				DEBUG_INFORMATION_FORMAT = "dwarf-with-dsym";
				ENABLE_NS_ASSERTIONS = NO;
				ENABLE_STRICT_OBJC_MSGSEND = YES;
				GCC_C_LANGUAGE_STANDARD = gnu11;
				GCC_NO_COMMON_BLOCKS = YES;
				GCC_WARN_64_TO_32_BIT_CONVERSION = YES;
				GCC_WARN_ABOUT_RETURN_TYPE = YES_ERROR;
				GCC_WARN_UNDECLARED_SELECTOR = YES;
				GCC_WARN_UNINITIALIZED_AUTOS = YES_AGGRESSIVE;
				GCC_WARN_UNUSED_FUNCTION = YES;
				GCC_WARN_UNUSED_VARIABLE = YES;
				MACOSX_DEPLOYMENT_TARGET = 10.14;
				MTL_ENABLE_DEBUG_INFO = NO;
				MTL_FAST_MATH = YES;
				SDKROOT = macosx;
			};
			name = Release;
		};
		225EA579215D04F10015DE15 /* Debug */ = {
			isa = XCBuildConfiguration;
			buildSettings = {
				CODE_SIGN_STYLE = Automatic;
				DEVELOPMENT_TEAM = 5YNX8VL4CA;
				MACOSX_DEPLOYMENT_TARGET = 10.10;
				PRODUCT_NAME = "$(TARGET_NAME)";
			};
			name = Debug;
		};
		225EA57A215D04F10015DE15 /* Release */ = {
			isa = XCBuildConfiguration;
			buildSettings = {
				CODE_SIGN_STYLE = Automatic;
				DEVELOPMENT_TEAM = 5YNX8VL4CA;
				MACOSX_DEPLOYMENT_TARGET = 10.10;
				PRODUCT_NAME = "$(TARGET_NAME)";
			};
			name = Release;
		};
/* End XCBuildConfiguration section */

/* Begin XCConfigurationList section */
		225EA56C215D04F10015DE15 /* Build configuration list for PBXProject "Router" */ = {
			isa = XCConfigurationList;
			buildConfigurations = (
				225EA576215D04F10015DE15 /* Debug */,
				225EA577215D04F10015DE15 /* Release */,
			);
			defaultConfigurationIsVisible = 0;
			defaultConfigurationName = Release;
		};
		225EA578215D04F10015DE15 /* Build configuration list for PBXNativeTarget "Router" */ = {
			isa = XCConfigurationList;
			buildConfigurations = (
				225EA579215D04F10015DE15 /* Debug */,
				225EA57A215D04F10015DE15 /* Release */,
			);
			defaultConfigurationIsVisible = 0;
			defaultConfigurationName = Release;
		};
/* End XCConfigurationList section */
	};
	rootObject = 225EA569215D04F10015DE15 /* Project object */;
}
